
Microsoft Visual Studio Solution File, Format Version 12.00
# Visual Studio Version 17
VisualStudioVersion = 17.11.35327.3
MinimumVisualStudioVersion = 10.0.40219.1
Project("{2150E333-8FDC-42A3-9474-1A3956D46DE8}") = "src", "src", "{04B989B2-C42D-47C5-8734-01A27FAB9EC7}"
EndProject
Project("{2150E333-8FDC-42A3-9474-1A3956D46DE8}") = "Shared", "Shared", "{A4C9899A-5910-4145-B632-E5C49F595C26}"
EndProject
Project("{9A19103F-16F7-4668-BE54-9A1E7A4F7556}") = "Persistence", "src\shared\Persistence\Persistence.csproj", "{D1FCD3F9-D02E-494A-8AF5-BAA8D8816519}"
EndProject
Project("{9A19103F-16F7-4668-BE54-9A1E7A4F7556}") = "Domain", "src\shared\Domain\Domain.csproj", "{97340BE1-F214-4686-8F66-4FDDBDE19C5C}"
EndProject
Project("{9A19103F-16F7-4668-BE54-9A1E7A4F7556}") = "fasttool_modern", "src\fasttool_modern\fasttool_modern.csproj", "{1FD3574B-123E-4871-89F4-A9DC3F71589B}"
EndProject
Global
	GlobalSection(SolutionConfigurationPlatforms) = preSolution
		Debug|Any CPU = Debug|Any CPU
		Debug|ARM64 = Debug|ARM64
		Debug|x64 = Debug|x64
		Debug|x86 = Debug|x86
		Release|Any CPU = Release|Any CPU
		Release|ARM64 = Release|ARM64
		Release|x64 = Release|x64
		Release|x86 = Release|x86
	EndGlobalSection
	GlobalSection(ProjectConfigurationPlatforms) = postSolution
		{D1FCD3F9-D02E-494A-8AF5-BAA8D8816519}.Debug|Any CPU.ActiveCfg = Debug|Any CPU
		{D1FCD3F9-D02E-494A-8AF5-BAA8D8816519}.Debug|Any CPU.Build.0 = Debug|Any CPU
		{D1FCD3F9-D02E-494A-8AF5-BAA8D8816519}.Debug|ARM64.ActiveCfg = Debug|Any CPU
		{D1FCD3F9-D02E-494A-8AF5-BAA8D8816519}.Debug|ARM64.Build.0 = Debug|Any CPU
		{D1FCD3F9-D02E-494A-8AF5-BAA8D8816519}.Debug|x64.ActiveCfg = Debug|Any CPU
		{D1FCD3F9-D02E-494A-8AF5-BAA8D8816519}.Debug|x64.Build.0 = Debug|Any CPU
		{D1FCD3F9-D02E-494A-8AF5-BAA8D8816519}.Debug|x86.ActiveCfg = Debug|Any CPU
		{D1FCD3F9-D02E-494A-8AF5-BAA8D8816519}.Debug|x86.Build.0 = Debug|Any CPU
		{D1FCD3F9-D02E-494A-8AF5-BAA8D8816519}.Release|Any CPU.ActiveCfg = Release|Any CPU
		{D1FCD3F9-D02E-494A-8AF5-BAA8D8816519}.Release|Any CPU.Build.0 = Release|Any CPU
		{D1FCD3F9-D02E-494A-8AF5-BAA8D8816519}.Release|ARM64.ActiveCfg = Release|Any CPU
		{D1FCD3F9-D02E-494A-8AF5-BAA8D8816519}.Release|ARM64.Build.0 = Release|Any CPU
		{D1FCD3F9-D02E-494A-8AF5-BAA8D8816519}.Release|x64.ActiveCfg = Release|Any CPU
		{D1FCD3F9-D02E-494A-8AF5-BAA8D8816519}.Release|x64.Build.0 = Release|Any CPU
		{D1FCD3F9-D02E-494A-8AF5-BAA8D8816519}.Release|x86.ActiveCfg = Release|Any CPU
		{D1FCD3F9-D02E-494A-8AF5-BAA8D8816519}.Release|x86.Build.0 = Release|Any CPU
		{97340BE1-F214-4686-8F66-4FDDBDE19C5C}.Debug|Any CPU.ActiveCfg = Debug|Any CPU
		{97340BE1-F214-4686-8F66-4FDDBDE19C5C}.Debug|Any CPU.Build.0 = Debug|Any CPU
		{97340BE1-F214-4686-8F66-4FDDBDE19C5C}.Debug|ARM64.ActiveCfg = Debug|Any CPU
		{97340BE1-F214-4686-8F66-4FDDBDE19C5C}.Debug|ARM64.Build.0 = Debug|Any CPU
		{97340BE1-F214-4686-8F66-4FDDBDE19C5C}.Debug|x64.ActiveCfg = Debug|Any CPU
		{97340BE1-F214-4686-8F66-4FDDBDE19C5C}.Debug|x64.Build.0 = Debug|Any CPU
		{97340BE1-F214-4686-8F66-4FDDBDE19C5C}.Debug|x86.ActiveCfg = Debug|Any CPU
		{97340BE1-F214-4686-8F66-4FDDBDE19C5C}.Debug|x86.Build.0 = Debug|Any CPU
		{97340BE1-F214-4686-8F66-4FDDBDE19C5C}.Release|Any CPU.ActiveCfg = Release|Any CPU
		{97340BE1-F214-4686-8F66-4FDDBDE19C5C}.Release|Any CPU.Build.0 = Release|Any CPU
		{97340BE1-F214-4686-8F66-4FDDBDE19C5C}.Release|ARM64.ActiveCfg = Release|Any CPU
		{97340BE1-F214-4686-8F66-4FDDBDE19C5C}.Release|ARM64.Build.0 = Release|Any CPU
		{97340BE1-F214-4686-8F66-4FDDBDE19C5C}.Release|x64.ActiveCfg = Release|Any CPU
		{97340BE1-F214-4686-8F66-4FDDBDE19C5C}.Release|x64.Build.0 = Release|Any CPU
		{97340BE1-F214-4686-8F66-4FDDBDE19C5C}.Release|x86.ActiveCfg = Release|Any CPU
		{97340BE1-F214-4686-8F66-4FDDBDE19C5C}.Release|x86.Build.0 = Release|Any CPU
		{1FD3574B-123E-4871-89F4-A9DC3F71589B}.Debug|Any CPU.ActiveCfg = Debug|x64
		{1FD3574B-123E-4871-89F4-A9DC3F71589B}.Debug|Any CPU.Build.0 = Debug|x64
		{1FD3574B-123E-4871-89F4-A9DC3F71589B}.Debug|Any CPU.Deploy.0 = Debug|x64
		{1FD3574B-123E-4871-89F4-A9DC3F71589B}.Debug|ARM64.ActiveCfg = Debug|ARM64
		{1FD3574B-123E-4871-89F4-A9DC3F71589B}.Debug|ARM64.Build.0 = Debug|ARM64
		{1FD3574B-123E-4871-89F4-A9DC3F71589B}.Debug|ARM64.Deploy.0 = Debug|ARM64
		{1FD3574B-123E-4871-89F4-A9DC3F71589B}.Debug|x64.ActiveCfg = Debug|x64
		{1FD3574B-123E-4871-89F4-A9DC3F71589B}.Debug|x64.Build.0 = Debug|x64
		{1FD3574B-123E-4871-89F4-A9DC3F71589B}.Debug|x64.Deploy.0 = Debug|x64
		{1FD3574B-123E-4871-89F4-A9DC3F71589B}.Debug|x86.ActiveCfg = Debug|x86
		{1FD3574B-123E-4871-89F4-A9DC3F71589B}.Debug|x86.Build.0 = Debug|x86
		{1FD3574B-123E-4871-89F4-A9DC3F71589B}.Debug|x86.Deploy.0 = Debug|x86
		{1FD3574B-123E-4871-89F4-A9DC3F71589B}.Release|Any CPU.ActiveCfg = Release|x64
		{1FD3574B-123E-4871-89F4-A9DC3F71589B}.Release|Any CPU.Build.0 = Release|x64
		{1FD3574B-123E-4871-89F4-A9DC3F71589B}.Release|Any CPU.Deploy.0 = Release|x64
		{1FD3574B-123E-4871-89F4-A9DC3F71589B}.Release|ARM64.ActiveCfg = Release|ARM64
		{1FD3574B-123E-4871-89F4-A9DC3F71589B}.Release|ARM64.Build.0 = Release|ARM64
		{1FD3574B-123E-4871-89F4-A9DC3F71589B}.Release|ARM64.Deploy.0 = Release|ARM64
		{1FD3574B-123E-4871-89F4-A9DC3F71589B}.Release|x64.ActiveCfg = Release|x64
		{1FD3574B-123E-4871-89F4-A9DC3F71589B}.Release|x64.Build.0 = Release|x64
		{1FD3574B-123E-4871-89F4-A9DC3F71589B}.Release|x64.Deploy.0 = Release|x64
		{1FD3574B-123E-4871-89F4-A9DC3F71589B}.Release|x86.ActiveCfg = Release|x86
		{1FD3574B-123E-4871-89F4-A9DC3F71589B}.Release|x86.Build.0 = Release|x86
		{1FD3574B-123E-4871-89F4-A9DC3F71589B}.Release|x86.Deploy.0 = Release|x86
	EndGlobalSection
	GlobalSection(SolutionProperties) = preSolution
		HideSolutionNode = FALSE
	EndGlobalSection
	GlobalSection(NestedProjects) = preSolution
		{A4C9899A-5910-4145-B632-E5C49F595C26} = {04B989B2-C42D-47C5-8734-01A27FAB9EC7}
		{D1FCD3F9-D02E-494A-8AF5-BAA8D8816519} = {A4C9899A-5910-4145-B632-E5C49F595C26}
		{97340BE1-F214-4686-8F66-4FDDBDE19C5C} = {A4C9899A-5910-4145-B632-E5C49F595C26}
		{1FD3574B-123E-4871-89F4-A9DC3F71589B} = {04B989B2-C42D-47C5-8734-01A27FAB9EC7}
	EndGlobalSection
	GlobalSection(ExtensibilityGlobals) = postSolution
		SolutionGuid = {DA47E235-0342-4BCB-A737-86C0B9C26E12}
	EndGlobalSection
EndGlobal
